
Microsoft Visual Studio Solution File, Format Version 12.00
# Visual Studio 15
VisualStudioVersion = 15.0.28307.1082
MinimumVisualStudioVersion = 10.0.40219.1
Project("{8BC9CEB8-8B4A-11D0-8D11-00A0C91BC942}") = "DataContainers", "DataContainers\DataContainers.vcxproj", "{05EA2E26-CEBA-4E58-A65C-8E0F70C56C4F}"
EndProject
Project("{8BC9CEB8-8B4A-11D0-8D11-00A0C91BC942}") = "ForwardList", "ForwardList\ForwardList.vcxproj", "{748ED64C-042D-4304-AFD5-7745543A3EEE}"
EndProject
Global
	GlobalSection(SolutionConfigurationPlatforms) = preSolution
		Debug|x64 = Debug|x64
		Debug|x86 = Debug|x86
		Release|x64 = Release|x64
		Release|x86 = Release|x86
	EndGlobalSection
	GlobalSection(ProjectConfigurationPlatforms) = postSolution
		{05EA2E26-CEBA-4E58-A65C-8E0F70C56C4F}.Debug|x64.ActiveCfg = Debug|x64
		{05EA2E26-CEBA-4E58-A65C-8E0F70C56C4F}.Debug|x64.Build.0 = Debug|x64
		{05EA2E26-CEBA-4E58-A65C-8E0F70C56C4F}.Debug|x86.ActiveCfg = Debug|Win32
		{05EA2E26-CEBA-4E58-A65C-8E0F70C56C4F}.Debug|x86.Build.0 = Debug|Win32
		{05EA2E26-CEBA-4E58-A65C-8E0F70C56C4F}.Release|x64.ActiveCfg = Release|x64
		{05EA2E26-CEBA-4E58-A65C-8E0F70C56C4F}.Release|x64.Build.0 = Release|x64
		{05EA2E26-CEBA-4E58-A65C-8E0F70C56C4F}.Release|x86.ActiveCfg = Release|Win32
		{05EA2E26-CEBA-4E58-A65C-8E0F70C56C4F}.Release|x86.Build.0 = Release|Win32
		{748ED64C-042D-4304-AFD5-7745543A3EEE}.Debug|x64.ActiveCfg = Debug|x64
		{748ED64C-042D-4304-AFD5-7745543A3EEE}.Debug|x64.Build.0 = Debug|x64
		{748ED64C-042D-4304-AFD5-7745543A3EEE}.Debug|x86.ActiveCfg = Debug|Win32
		{748ED64C-042D-4304-AFD5-7745543A3EEE}.Debug|x86.Build.0 = Debug|Win32
		{748ED64C-042D-4304-AFD5-7745543A3EEE}.Release|x64.ActiveCfg = Release|x64
		{748ED64C-042D-4304-AFD5-7745543A3EEE}.Release|x64.Build.0 = Release|x64
		{748ED64C-042D-4304-AFD5-7745543A3EEE}.Release|x86.ActiveCfg = Release|Win32
		{748ED64C-042D-4304-AFD5-7745543A3EEE}.Release|x86.Build.0 = Release|Win32
	EndGlobalSection
	GlobalSection(SolutionProperties) = preSolution
		HideSolutionNode = FALSE
	EndGlobalSection
	GlobalSection(ExtensibilityGlobals) = postSolution
		SolutionGuid = {5ABCF8E0-45B7-489F-A048-F29326AE5A18}
	EndGlobalSection
EndGlobal
