
Microsoft Visual Studio Solution File, Format Version 12.00
# Visual Studio 15
VisualStudioVersion = 15.0.28307.1082
MinimumVisualStudioVersion = 10.0.40219.1
Project("{8BC9CEB8-8B4A-11D0-8D11-00A0C91BC942}") = "UML", "UML\UML.vcxproj", "{4A164F9E-7104-434C-8D3B-C59AF3D7BCBA}"
EndProject
Project("{8BC9CEB8-8B4A-11D0-8D11-00A0C91BC942}") = "Car", "Car\Car.vcxproj", "{0D48FE62-DC9A-4333-BB62-E608492F614D}"
EndProject
Project("{8BC9CEB8-8B4A-11D0-8D11-00A0C91BC942}") = "Threads", "Threads\Threads.vcxproj", "{D3887159-6036-4B20-B96D-64941506BEA4}"
EndProject
Global
	GlobalSection(SolutionConfigurationPlatforms) = preSolution
		Debug|x64 = Debug|x64
		Debug|x86 = Debug|x86
		Release|x64 = Release|x64
		Release|x86 = Release|x86
	EndGlobalSection
	GlobalSection(ProjectConfigurationPlatforms) = postSolution
		{4A164F9E-7104-434C-8D3B-C59AF3D7BCBA}.Debug|x64.ActiveCfg = Debug|x64
		{4A164F9E-7104-434C-8D3B-C59AF3D7BCBA}.Debug|x64.Build.0 = Debug|x64
		{4A164F9E-7104-434C-8D3B-C59AF3D7BCBA}.Debug|x86.ActiveCfg = Debug|Win32
		{4A164F9E-7104-434C-8D3B-C59AF3D7BCBA}.Debug|x86.Build.0 = Debug|Win32
		{4A164F9E-7104-434C-8D3B-C59AF3D7BCBA}.Release|x64.ActiveCfg = Release|x64
		{4A164F9E-7104-434C-8D3B-C59AF3D7BCBA}.Release|x64.Build.0 = Release|x64
		{4A164F9E-7104-434C-8D3B-C59AF3D7BCBA}.Release|x86.ActiveCfg = Release|Win32
		{4A164F9E-7104-434C-8D3B-C59AF3D7BCBA}.Release|x86.Build.0 = Release|Win32
		{0D48FE62-DC9A-4333-BB62-E608492F614D}.Debug|x64.ActiveCfg = Debug|x64
		{0D48FE62-DC9A-4333-BB62-E608492F614D}.Debug|x64.Build.0 = Debug|x64
		{0D48FE62-DC9A-4333-BB62-E608492F614D}.Debug|x86.ActiveCfg = Debug|Win32
		{0D48FE62-DC9A-4333-BB62-E608492F614D}.Debug|x86.Build.0 = Debug|Win32
		{0D48FE62-DC9A-4333-BB62-E608492F614D}.Release|x64.ActiveCfg = Release|x64
		{0D48FE62-DC9A-4333-BB62-E608492F614D}.Release|x64.Build.0 = Release|x64
		{0D48FE62-DC9A-4333-BB62-E608492F614D}.Release|x86.ActiveCfg = Release|Win32
		{0D48FE62-DC9A-4333-BB62-E608492F614D}.Release|x86.Build.0 = Release|Win32
		{D3887159-6036-4B20-B96D-64941506BEA4}.Debug|x64.ActiveCfg = Debug|x64
		{D3887159-6036-4B20-B96D-64941506BEA4}.Debug|x64.Build.0 = Debug|x64
		{D3887159-6036-4B20-B96D-64941506BEA4}.Debug|x86.ActiveCfg = Debug|Win32
		{D3887159-6036-4B20-B96D-64941506BEA4}.Debug|x86.Build.0 = Debug|Win32
		{D3887159-6036-4B20-B96D-64941506BEA4}.Release|x64.ActiveCfg = Release|x64
		{D3887159-6036-4B20-B96D-64941506BEA4}.Release|x64.Build.0 = Release|x64
		{D3887159-6036-4B20-B96D-64941506BEA4}.Release|x86.ActiveCfg = Release|Win32
		{D3887159-6036-4B20-B96D-64941506BEA4}.Release|x86.Build.0 = Release|Win32
	EndGlobalSection
	GlobalSection(SolutionProperties) = preSolution
		HideSolutionNode = FALSE
	EndGlobalSection
	GlobalSection(ExtensibilityGlobals) = postSolution
		SolutionGuid = {C519A5FA-6B02-49CB-BEAC-6D51FD7CF969}
	EndGlobalSection
EndGlobal
