
Microsoft Visual Studio Solution File, Format Version 12.00
# Visual Studio 15
VisualStudioVersion = 15.0.28307.1082
MinimumVisualStudioVersion = 10.0.40219.1
Project("{8BC9CEB8-8B4A-11D0-8D11-00A0C91BC942}") = "Inheritance", "Inheritance\Inheritance.vcxproj", "{32CECC91-2332-4B82-AC0E-8008A02602A1}"
EndProject
Project("{8BC9CEB8-8B4A-11D0-8D11-00A0C91BC942}") = "Academy", "Academy\Academy.vcxproj", "{C4F32EA2-1CD5-4CC3-8748-2EDB3EBB0A27}"
EndProject
Project("{8BC9CEB8-8B4A-11D0-8D11-00A0C91BC942}") = "Files", "Files\Files.vcxproj", "{3ADDEAD6-5137-4A8E-BDBD-CE1EB68EEB19}"
EndProject
Project("{8BC9CEB8-8B4A-11D0-8D11-00A0C91BC942}") = "Network", "Network\Network.vcxproj", "{93C91FEC-F7B5-4FEF-BDC7-895EA8C037C0}"
EndProject
Project("{8BC9CEB8-8B4A-11D0-8D11-00A0C91BC942}") = "AbstractBaseClass", "AbstractBaseClass\AbstractBaseClass.vcxproj", "{BD08B720-56A1-4076-A9A9-8451AE968E6C}"
EndProject
Project("{8BC9CEB8-8B4A-11D0-8D11-00A0C91BC942}") = "AbstractGeometry", "AbstractGeometry\AbstractGeometry.vcxproj", "{C0FCA982-F84D-4905-9312-FC14851747F3}"
EndProject
Global
	GlobalSection(SolutionConfigurationPlatforms) = preSolution
		Debug|x64 = Debug|x64
		Debug|x86 = Debug|x86
		Release|x64 = Release|x64
		Release|x86 = Release|x86
	EndGlobalSection
	GlobalSection(ProjectConfigurationPlatforms) = postSolution
		{32CECC91-2332-4B82-AC0E-8008A02602A1}.Debug|x64.ActiveCfg = Debug|x64
		{32CECC91-2332-4B82-AC0E-8008A02602A1}.Debug|x64.Build.0 = Debug|x64
		{32CECC91-2332-4B82-AC0E-8008A02602A1}.Debug|x86.ActiveCfg = Debug|Win32
		{32CECC91-2332-4B82-AC0E-8008A02602A1}.Debug|x86.Build.0 = Debug|Win32
		{32CECC91-2332-4B82-AC0E-8008A02602A1}.Release|x64.ActiveCfg = Release|x64
		{32CECC91-2332-4B82-AC0E-8008A02602A1}.Release|x64.Build.0 = Release|x64
		{32CECC91-2332-4B82-AC0E-8008A02602A1}.Release|x86.ActiveCfg = Release|Win32
		{32CECC91-2332-4B82-AC0E-8008A02602A1}.Release|x86.Build.0 = Release|Win32
		{C4F32EA2-1CD5-4CC3-8748-2EDB3EBB0A27}.Debug|x64.ActiveCfg = Debug|x64
		{C4F32EA2-1CD5-4CC3-8748-2EDB3EBB0A27}.Debug|x64.Build.0 = Debug|x64
		{C4F32EA2-1CD5-4CC3-8748-2EDB3EBB0A27}.Debug|x86.ActiveCfg = Debug|Win32
		{C4F32EA2-1CD5-4CC3-8748-2EDB3EBB0A27}.Debug|x86.Build.0 = Debug|Win32
		{C4F32EA2-1CD5-4CC3-8748-2EDB3EBB0A27}.Release|x64.ActiveCfg = Release|x64
		{C4F32EA2-1CD5-4CC3-8748-2EDB3EBB0A27}.Release|x64.Build.0 = Release|x64
		{C4F32EA2-1CD5-4CC3-8748-2EDB3EBB0A27}.Release|x86.ActiveCfg = Release|Win32
		{C4F32EA2-1CD5-4CC3-8748-2EDB3EBB0A27}.Release|x86.Build.0 = Release|Win32
		{3ADDEAD6-5137-4A8E-BDBD-CE1EB68EEB19}.Debug|x64.ActiveCfg = Debug|x64
		{3ADDEAD6-5137-4A8E-BDBD-CE1EB68EEB19}.Debug|x64.Build.0 = Debug|x64
		{3ADDEAD6-5137-4A8E-BDBD-CE1EB68EEB19}.Debug|x86.ActiveCfg = Debug|Win32
		{3ADDEAD6-5137-4A8E-BDBD-CE1EB68EEB19}.Debug|x86.Build.0 = Debug|Win32
		{3ADDEAD6-5137-4A8E-BDBD-CE1EB68EEB19}.Release|x64.ActiveCfg = Release|x64
		{3ADDEAD6-5137-4A8E-BDBD-CE1EB68EEB19}.Release|x64.Build.0 = Release|x64
		{3ADDEAD6-5137-4A8E-BDBD-CE1EB68EEB19}.Release|x86.ActiveCfg = Release|Win32
		{3ADDEAD6-5137-4A8E-BDBD-CE1EB68EEB19}.Release|x86.Build.0 = Release|Win32
		{93C91FEC-F7B5-4FEF-BDC7-895EA8C037C0}.Debug|x64.ActiveCfg = Debug|x64
		{93C91FEC-F7B5-4FEF-BDC7-895EA8C037C0}.Debug|x64.Build.0 = Debug|x64
		{93C91FEC-F7B5-4FEF-BDC7-895EA8C037C0}.Debug|x86.ActiveCfg = Debug|Win32
		{93C91FEC-F7B5-4FEF-BDC7-895EA8C037C0}.Debug|x86.Build.0 = Debug|Win32
		{93C91FEC-F7B5-4FEF-BDC7-895EA8C037C0}.Release|x64.ActiveCfg = Release|x64
		{93C91FEC-F7B5-4FEF-BDC7-895EA8C037C0}.Release|x64.Build.0 = Release|x64
		{93C91FEC-F7B5-4FEF-BDC7-895EA8C037C0}.Release|x86.ActiveCfg = Release|Win32
		{93C91FEC-F7B5-4FEF-BDC7-895EA8C037C0}.Release|x86.Build.0 = Release|Win32
		{BD08B720-56A1-4076-A9A9-8451AE968E6C}.Debug|x64.ActiveCfg = Debug|x64
		{BD08B720-56A1-4076-A9A9-8451AE968E6C}.Debug|x64.Build.0 = Debug|x64
		{BD08B720-56A1-4076-A9A9-8451AE968E6C}.Debug|x86.ActiveCfg = Debug|Win32
		{BD08B720-56A1-4076-A9A9-8451AE968E6C}.Debug|x86.Build.0 = Debug|Win32
		{BD08B720-56A1-4076-A9A9-8451AE968E6C}.Release|x64.ActiveCfg = Release|x64
		{BD08B720-56A1-4076-A9A9-8451AE968E6C}.Release|x64.Build.0 = Release|x64
		{BD08B720-56A1-4076-A9A9-8451AE968E6C}.Release|x86.ActiveCfg = Release|Win32
		{BD08B720-56A1-4076-A9A9-8451AE968E6C}.Release|x86.Build.0 = Release|Win32
		{C0FCA982-F84D-4905-9312-FC14851747F3}.Debug|x64.ActiveCfg = Debug|x64
		{C0FCA982-F84D-4905-9312-FC14851747F3}.Debug|x64.Build.0 = Debug|x64
		{C0FCA982-F84D-4905-9312-FC14851747F3}.Debug|x86.ActiveCfg = Debug|Win32
		{C0FCA982-F84D-4905-9312-FC14851747F3}.Debug|x86.Build.0 = Debug|Win32
		{C0FCA982-F84D-4905-9312-FC14851747F3}.Release|x64.ActiveCfg = Release|x64
		{C0FCA982-F84D-4905-9312-FC14851747F3}.Release|x64.Build.0 = Release|x64
		{C0FCA982-F84D-4905-9312-FC14851747F3}.Release|x86.ActiveCfg = Release|Win32
		{C0FCA982-F84D-4905-9312-FC14851747F3}.Release|x86.Build.0 = Release|Win32
	EndGlobalSection
	GlobalSection(SolutionProperties) = preSolution
		HideSolutionNode = FALSE
	EndGlobalSection
	GlobalSection(ExtensibilityGlobals) = postSolution
		SolutionGuid = {F6E8D109-7988-43D8-B075-9F5361D682BA}
	EndGlobalSection
EndGlobal
