
Microsoft Visual Studio Solution File, Format Version 12.00
# Visual Studio 15
VisualStudioVersion = 15.0.28307.1082
MinimumVisualStudioVersion = 10.0.40219.1
Project("{8BC9CEB8-8B4A-11D0-8D11-00A0C91BC942}") = "STL", "STL\STL.vcxproj", "{F3EC81DF-E6F5-4868-9F53-2C90946FA0A4}"
EndProject
Project("{8BC9CEB8-8B4A-11D0-8D11-00A0C91BC942}") = "MyExceptions", "MyExceptions\MyExceptions.vcxproj", "{51320720-7AC6-4848-A354-611E2714AECB}"
EndProject
Project("{8BC9CEB8-8B4A-11D0-8D11-00A0C91BC942}") = "AssociativeContainers", "AssociativeContainers\AssociativeContainers.vcxproj", "{9424A1AB-EB88-4B59-A1E2-53FDC4DE3DB8}"
EndProject
Global
	GlobalSection(SolutionConfigurationPlatforms) = preSolution
		Debug|x64 = Debug|x64
		Debug|x86 = Debug|x86
		Release|x64 = Release|x64
		Release|x86 = Release|x86
	EndGlobalSection
	GlobalSection(ProjectConfigurationPlatforms) = postSolution
		{F3EC81DF-E6F5-4868-9F53-2C90946FA0A4}.Debug|x64.ActiveCfg = Debug|x64
		{F3EC81DF-E6F5-4868-9F53-2C90946FA0A4}.Debug|x64.Build.0 = Debug|x64
		{F3EC81DF-E6F5-4868-9F53-2C90946FA0A4}.Debug|x86.ActiveCfg = Debug|Win32
		{F3EC81DF-E6F5-4868-9F53-2C90946FA0A4}.Debug|x86.Build.0 = Debug|Win32
		{F3EC81DF-E6F5-4868-9F53-2C90946FA0A4}.Release|x64.ActiveCfg = Release|x64
		{F3EC81DF-E6F5-4868-9F53-2C90946FA0A4}.Release|x64.Build.0 = Release|x64
		{F3EC81DF-E6F5-4868-9F53-2C90946FA0A4}.Release|x86.ActiveCfg = Release|Win32
		{F3EC81DF-E6F5-4868-9F53-2C90946FA0A4}.Release|x86.Build.0 = Release|Win32
		{51320720-7AC6-4848-A354-611E2714AECB}.Debug|x64.ActiveCfg = Debug|x64
		{51320720-7AC6-4848-A354-611E2714AECB}.Debug|x64.Build.0 = Debug|x64
		{51320720-7AC6-4848-A354-611E2714AECB}.Debug|x86.ActiveCfg = Debug|Win32
		{51320720-7AC6-4848-A354-611E2714AECB}.Debug|x86.Build.0 = Debug|Win32
		{51320720-7AC6-4848-A354-611E2714AECB}.Release|x64.ActiveCfg = Release|x64
		{51320720-7AC6-4848-A354-611E2714AECB}.Release|x64.Build.0 = Release|x64
		{51320720-7AC6-4848-A354-611E2714AECB}.Release|x86.ActiveCfg = Release|Win32
		{51320720-7AC6-4848-A354-611E2714AECB}.Release|x86.Build.0 = Release|Win32
		{9424A1AB-EB88-4B59-A1E2-53FDC4DE3DB8}.Debug|x64.ActiveCfg = Debug|x64
		{9424A1AB-EB88-4B59-A1E2-53FDC4DE3DB8}.Debug|x64.Build.0 = Debug|x64
		{9424A1AB-EB88-4B59-A1E2-53FDC4DE3DB8}.Debug|x86.ActiveCfg = Debug|Win32
		{9424A1AB-EB88-4B59-A1E2-53FDC4DE3DB8}.Debug|x86.Build.0 = Debug|Win32
		{9424A1AB-EB88-4B59-A1E2-53FDC4DE3DB8}.Release|x64.ActiveCfg = Release|x64
		{9424A1AB-EB88-4B59-A1E2-53FDC4DE3DB8}.Release|x64.Build.0 = Release|x64
		{9424A1AB-EB88-4B59-A1E2-53FDC4DE3DB8}.Release|x86.ActiveCfg = Release|Win32
		{9424A1AB-EB88-4B59-A1E2-53FDC4DE3DB8}.Release|x86.Build.0 = Release|Win32
	EndGlobalSection
	GlobalSection(SolutionProperties) = preSolution
		HideSolutionNode = FALSE
	EndGlobalSection
	GlobalSection(ExtensibilityGlobals) = postSolution
		SolutionGuid = {17EFFDFE-9C14-4258-864F-96DC30E0971F}
	EndGlobalSection
EndGlobal
