
Microsoft Visual Studio Solution File, Format Version 12.00
# Visual Studio 15
VisualStudioVersion = 15.0.28307.1082
MinimumVisualStudioVersion = 10.0.40219.1
Project("{8BC9CEB8-8B4A-11D0-8D11-00A0C91BC942}") = "DesignPatterns", "DesignPatterns\DesignPatterns.vcxproj", "{3721D770-FB0B-4E64-8A55-1358240CEFF3}"
EndProject
Project("{8BC9CEB8-8B4A-11D0-8D11-00A0C91BC942}") = "Builder", "Builder\Builder.vcxproj", "{BF1B88A0-B3B5-44D6-A739-0E7363066442}"
EndProject
Project("{8BC9CEB8-8B4A-11D0-8D11-00A0C91BC942}") = "Prototype", "Prototype\Prototype.vcxproj", "{23BFC1EB-553A-4F17-9800-341983A0E220}"
EndProject
Global
	GlobalSection(SolutionConfigurationPlatforms) = preSolution
		Debug|x64 = Debug|x64
		Debug|x86 = Debug|x86
		Release|x64 = Release|x64
		Release|x86 = Release|x86
	EndGlobalSection
	GlobalSection(ProjectConfigurationPlatforms) = postSolution
		{3721D770-FB0B-4E64-8A55-1358240CEFF3}.Debug|x64.ActiveCfg = Debug|x64
		{3721D770-FB0B-4E64-8A55-1358240CEFF3}.Debug|x64.Build.0 = Debug|x64
		{3721D770-FB0B-4E64-8A55-1358240CEFF3}.Debug|x86.ActiveCfg = Debug|Win32
		{3721D770-FB0B-4E64-8A55-1358240CEFF3}.Debug|x86.Build.0 = Debug|Win32
		{3721D770-FB0B-4E64-8A55-1358240CEFF3}.Release|x64.ActiveCfg = Release|x64
		{3721D770-FB0B-4E64-8A55-1358240CEFF3}.Release|x64.Build.0 = Release|x64
		{3721D770-FB0B-4E64-8A55-1358240CEFF3}.Release|x86.ActiveCfg = Release|Win32
		{3721D770-FB0B-4E64-8A55-1358240CEFF3}.Release|x86.Build.0 = Release|Win32
		{BF1B88A0-B3B5-44D6-A739-0E7363066442}.Debug|x64.ActiveCfg = Debug|x64
		{BF1B88A0-B3B5-44D6-A739-0E7363066442}.Debug|x64.Build.0 = Debug|x64
		{BF1B88A0-B3B5-44D6-A739-0E7363066442}.Debug|x86.ActiveCfg = Debug|Win32
		{BF1B88A0-B3B5-44D6-A739-0E7363066442}.Debug|x86.Build.0 = Debug|Win32
		{BF1B88A0-B3B5-44D6-A739-0E7363066442}.Release|x64.ActiveCfg = Release|x64
		{BF1B88A0-B3B5-44D6-A739-0E7363066442}.Release|x64.Build.0 = Release|x64
		{BF1B88A0-B3B5-44D6-A739-0E7363066442}.Release|x86.ActiveCfg = Release|Win32
		{BF1B88A0-B3B5-44D6-A739-0E7363066442}.Release|x86.Build.0 = Release|Win32
		{23BFC1EB-553A-4F17-9800-341983A0E220}.Debug|x64.ActiveCfg = Debug|x64
		{23BFC1EB-553A-4F17-9800-341983A0E220}.Debug|x64.Build.0 = Debug|x64
		{23BFC1EB-553A-4F17-9800-341983A0E220}.Debug|x86.ActiveCfg = Debug|Win32
		{23BFC1EB-553A-4F17-9800-341983A0E220}.Debug|x86.Build.0 = Debug|Win32
		{23BFC1EB-553A-4F17-9800-341983A0E220}.Release|x64.ActiveCfg = Release|x64
		{23BFC1EB-553A-4F17-9800-341983A0E220}.Release|x64.Build.0 = Release|x64
		{23BFC1EB-553A-4F17-9800-341983A0E220}.Release|x86.ActiveCfg = Release|Win32
		{23BFC1EB-553A-4F17-9800-341983A0E220}.Release|x86.Build.0 = Release|Win32
	EndGlobalSection
	GlobalSection(SolutionProperties) = preSolution
		HideSolutionNode = FALSE
	EndGlobalSection
	GlobalSection(ExtensibilityGlobals) = postSolution
		SolutionGuid = {0355D03C-B762-44BE-AE91-39E62D9D05A8}
	EndGlobalSection
EndGlobal
